// !$*UTF8*$!
{
	archiveVersion = 1;
	classes = {
	};
	objectVersion = 46;
	objects = {

/* Begin PBXBuildFile section */
		8763FF801C43FFB0003C0BEA /* OutgoingChatTableViewCell.m in Sources */ = {isa = PBXBuildFile; fileRef = 8763FF7E1C43FFB0003C0BEA /* OutgoingChatTableViewCell.m */; };
		8763FF811C43FFB0003C0BEA /* OutgoingChatTableViewCell.xib in Resources */ = {isa = PBXBuildFile; fileRef = 8763FF7F1C43FFB0003C0BEA /* OutgoingChatTableViewCell.xib */; };
		87D26AB41C3D0550002D4BB8 /* main.m in Sources */ = {isa = PBXBuildFile; fileRef = 87D26AB31C3D0550002D4BB8 /* main.m */; };
		87D26AB71C3D0550002D4BB8 /* AppDelegate.m in Sources */ = {isa = PBXBuildFile; fileRef = 87D26AB61C3D0550002D4BB8 /* AppDelegate.m */; };
		87D26ABD1C3D0550002D4BB8 /* Main.storyboard in Resources */ = {isa = PBXBuildFile; fileRef = 87D26ABB1C3D0550002D4BB8 /* Main.storyboard */; };
		87D26ABF1C3D0550002D4BB8 /* Assets.xcassets in Resources */ = {isa = PBXBuildFile; fileRef = 87D26ABE1C3D0550002D4BB8 /* Assets.xcassets */; };
		87D26AC21C3D0550002D4BB8 /* LaunchScreen.storyboard in Resources */ = {isa = PBXBuildFile; fileRef = 87D26AC01C3D0550002D4BB8 /* LaunchScreen.storyboard */; };
		87D26ACB1C3D05BE002D4BB8 /* VGTableViewController.m in Sources */ = {isa = PBXBuildFile; fileRef = 87D26ACA1C3D05BE002D4BB8 /* VGTableViewController.m */; };
		87D26ACF1C3D068A002D4BB8 /* ChatTableViewCell.m in Sources */ = {isa = PBXBuildFile; fileRef = 87D26ACD1C3D068A002D4BB8 /* ChatTableViewCell.m */; };
		87D26AD01C3D068A002D4BB8 /* ChatTableViewCell.xib in Resources */ = {isa = PBXBuildFile; fileRef = 87D26ACE1C3D068A002D4BB8 /* ChatTableViewCell.xib */; };
/* End PBXBuildFile section */

/* Begin PBXFileReference section */
		8763FF7D1C43FFB0003C0BEA /* OutgoingChatTableViewCell.h */ = {isa = PBXFileReference; fileEncoding = 4; lastKnownFileType = sourcecode.c.h; path = OutgoingChatTableViewCell.h; sourceTree = "<group>"; };
		8763FF7E1C43FFB0003C0BEA /* OutgoingChatTableViewCell.m */ = {isa = PBXFileReference; fileEncoding = 4; lastKnownFileType = sourcecode.c.objc; path = OutgoingChatTableViewCell.m; sourceTree = "<group>"; };
		8763FF7F1C43FFB0003C0BEA /* OutgoingChatTableViewCell.xib */ = {isa = PBXFileReference; fileEncoding = 4; lastKnownFileType = file.xib; path = OutgoingChatTableViewCell.xib; sourceTree = "<group>"; };
		87D26AAF1C3D0550002D4BB8 /* TableViewTest.app */ = {isa = PBXFileReference; explicitFileType = wrapper.application; includeInIndex = 0; path = TableViewTest.app; sourceTree = BUILT_PRODUCTS_DIR; };
		87D26AB31C3D0550002D4BB8 /* main.m */ = {isa = PBXFileReference; lastKnownFileType = sourcecode.c.objc; path = main.m; sourceTree = "<group>"; };
		87D26AB51C3D0550002D4BB8 /* AppDelegate.h */ = {isa = PBXFileReference; lastKnownFileType = sourcecode.c.h; path = AppDelegate.h; sourceTree = "<group>"; };
		87D26AB61C3D0550002D4BB8 /* AppDelegate.m */ = {isa = PBXFileReference; lastKnownFileType = sourcecode.c.objc; path = AppDelegate.m; sourceTree = "<group>"; };
		87D26ABC1C3D0550002D4BB8 /* Base */ = {isa = PBXFileReference; lastKnownFileType = file.storyboard; name = Base; path = Base.lproj/Main.storyboard; sourceTree = "<group>"; };
		87D26ABE1C3D0550002D4BB8 /* Assets.xcassets */ = {isa = PBXFileReference; lastKnownFileType = folder.assetcatalog; path = Assets.xcassets; sourceTree = "<group>"; };
		87D26AC11C3D0550002D4BB8 /* Base */ = {isa = PBXFileReference; lastKnownFileType = file.storyboard; name = Base; path = Base.lproj/LaunchScreen.storyboard; sourceTree = "<group>"; };
		87D26AC31C3D0550002D4BB8 /* Info.plist */ = {isa = PBXFileReference; lastKnownFileType = text.plist.xml; path = Info.plist; sourceTree = "<group>"; };
		87D26AC91C3D05BE002D4BB8 /* VGTableViewController.h */ = {isa = PBXFileReference; fileEncoding = 4; lastKnownFileType = sourcecode.c.h; path = VGTableViewController.h; sourceTree = "<group>"; };
		87D26ACA1C3D05BE002D4BB8 /* VGTableViewController.m */ = {isa = PBXFileReference; fileEncoding = 4; lastKnownFileType = sourcecode.c.objc; path = VGTableViewController.m; sourceTree = "<group>"; };
		87D26ACC1C3D068A002D4BB8 /* ChatTableViewCell.h */ = {isa = PBXFileReference; fileEncoding = 4; lastKnownFileType = sourcecode.c.h; name = ChatTableViewCell.h; path = Cells/ChatTableViewCell.h; sourceTree = "<group>"; };
		87D26ACD1C3D068A002D4BB8 /* ChatTableViewCell.m */ = {isa = PBXFileReference; fileEncoding = 4; lastKnownFileType = sourcecode.c.objc; name = ChatTableViewCell.m; path = Cells/ChatTableViewCell.m; sourceTree = "<group>"; };
		87D26ACE1C3D068A002D4BB8 /* ChatTableViewCell.xib */ = {isa = PBXFileReference; fileEncoding = 4; lastKnownFileType = file.xib; name = ChatTableViewCell.xib; path = Cells/ChatTableViewCell.xib; sourceTree = "<group>"; };
/* End PBXFileReference section */

/* Begin PBXFrameworksBuildPhase section */
		87D26AAC1C3D0550002D4BB8 /* Frameworks */ = {
			isa = PBXFrameworksBuildPhase;
			buildActionMask = 2147483647;
			files = (
			);
			runOnlyForDeploymentPostprocessing = 0;
		};
/* End PBXFrameworksBuildPhase section */

/* Begin PBXGroup section */
		8763FF7B1C43FF37003C0BEA /* IncomingChatCell */ = {
			isa = PBXGroup;
			children = (
				87D26ACC1C3D068A002D4BB8 /* ChatTableViewCell.h */,
				87D26ACD1C3D068A002D4BB8 /* ChatTableViewCell.m */,
				87D26ACE1C3D068A002D4BB8 /* ChatTableViewCell.xib */,
			);
			name = IncomingChatCell;
			sourceTree = "<group>";
		};
		8763FF7C1C43FF4B003C0BEA /* OutgoingChatCell */ = {
			isa = PBXGroup;
			children = (
				8763FF7D1C43FFB0003C0BEA /* OutgoingChatTableViewCell.h */,
				8763FF7E1C43FFB0003C0BEA /* OutgoingChatTableViewCell.m */,
				8763FF7F1C43FFB0003C0BEA /* OutgoingChatTableViewCell.xib */,
			);
			name = OutgoingChatCell;
			sourceTree = "<group>";
		};
		87D26AA61C3D0550002D4BB8 = {
			isa = PBXGroup;
			children = (
				87D26AB11C3D0550002D4BB8 /* TableViewTest */,
				87D26AB01C3D0550002D4BB8 /* Products */,
			);
			sourceTree = "<group>";
		};
		87D26AB01C3D0550002D4BB8 /* Products */ = {
			isa = PBXGroup;
			children = (
				87D26AAF1C3D0550002D4BB8 /* TableViewTest.app */,
			);
			name = Products;
			sourceTree = "<group>";
		};
		87D26AB11C3D0550002D4BB8 /* TableViewTest */ = {
			isa = PBXGroup;
			children = (
				87D26AD11C3D068F002D4BB8 /* Cells */,
				87D26ABB1C3D0550002D4BB8 /* Main.storyboard */,
				87D26AC91C3D05BE002D4BB8 /* VGTableViewController.h */,
				87D26ACA1C3D05BE002D4BB8 /* VGTableViewController.m */,
				87D26ABE1C3D0550002D4BB8 /* Assets.xcassets */,
				87D26AB21C3D0550002D4BB8 /* Supporting Files */,
			);
			path = TableViewTest;
			sourceTree = "<group>";
		};
		87D26AB21C3D0550002D4BB8 /* Supporting Files */ = {
			isa = PBXGroup;
			children = (
				87D26AB51C3D0550002D4BB8 /* AppDelegate.h */,
				87D26AB61C3D0550002D4BB8 /* AppDelegate.m */,
				87D26AC01C3D0550002D4BB8 /* LaunchScreen.storyboard */,
				87D26AC31C3D0550002D4BB8 /* Info.plist */,
				87D26AB31C3D0550002D4BB8 /* main.m */,
			);
			name = "Supporting Files";
			sourceTree = "<group>";
		};
		87D26AD11C3D068F002D4BB8 /* Cells */ = {
			isa = PBXGroup;
			children = (
				8763FF7C1C43FF4B003C0BEA /* OutgoingChatCell */,
				8763FF7B1C43FF37003C0BEA /* IncomingChatCell */,
			);
			name = Cells;
			sourceTree = "<group>";
		};
/* End PBXGroup section */

/* Begin PBXNativeTarget section */
		87D26AAE1C3D0550002D4BB8 /* TableViewTest */ = {
			isa = PBXNativeTarget;
			buildConfigurationList = 87D26AC61C3D0550002D4BB8 /* Build configuration list for PBXNativeTarget "TableViewTest" */;
			buildPhases = (
				87D26AAB1C3D0550002D4BB8 /* Sources */,
				87D26AAC1C3D0550002D4BB8 /* Frameworks */,
				87D26AAD1C3D0550002D4BB8 /* Resources */,
			);
			buildRules = (
			);
			dependencies = (
			);
			name = TableViewTest;
			productName = TableViewTest;
			productReference = 87D26AAF1C3D0550002D4BB8 /* TableViewTest.app */;
			productType = "com.apple.product-type.application";
		};
/* End PBXNativeTarget section */

/* Begin PBXProject section */
		87D26AA71C3D0550002D4BB8 /* Project object */ = {
			isa = PBXProject;
			attributes = {
				LastUpgradeCheck = 0720;
				ORGANIZATIONNAME = "Vladyslav Gamalii";
				TargetAttributes = {
					87D26AAE1C3D0550002D4BB8 = {
						CreatedOnToolsVersion = 7.2;
						DevelopmentTeam = 38RMNWSM28;
					};
				};
			};
			buildConfigurationList = 87D26AAA1C3D0550002D4BB8 /* Build configuration list for PBXProject "TableViewTest" */;
			compatibilityVersion = "Xcode 3.2";
			developmentRegion = English;
			hasScannedForEncodings = 0;
			knownRegions = (
				en,
				Base,
			);
			mainGroup = 87D26AA61C3D0550002D4BB8;
			productRefGroup = 87D26AB01C3D0550002D4BB8 /* Products */;
			projectDirPath = "";
			projectRoot = "";
			targets = (
				87D26AAE1C3D0550002D4BB8 /* TableViewTest */,
			);
		};
/* End PBXProject section */

/* Begin PBXResourcesBuildPhase section */
		87D26AAD1C3D0550002D4BB8 /* Resources */ = {
			isa = PBXResourcesBuildPhase;
			buildActionMask = 2147483647;
			files = (
				87D26AD01C3D068A002D4BB8 /* ChatTableViewCell.xib in Resources */,
				87D26AC21C3D0550002D4BB8 /* LaunchScreen.storyboard in Resources */,
				8763FF811C43FFB0003C0BEA /* OutgoingChatTableViewCell.xib in Resources */,
				87D26ABF1C3D0550002D4BB8 /* Assets.xcassets in Resources */,
				87D26ABD1C3D0550002D4BB8 /* Main.storyboard in Resources */,
			);
			runOnlyForDeploymentPostprocessing = 0;
		};
/* End PBXResourcesBuildPhase section */

/* Begin PBXSourcesBuildPhase section */
		87D26AAB1C3D0550002D4BB8 /* Sources */ = {
			isa = PBXSourcesBuildPhase;
			buildActionMask = 2147483647;
			files = (
				87D26ACF1C3D068A002D4BB8 /* ChatTableViewCell.m in Sources */,
				8763FF801C43FFB0003C0BEA /* OutgoingChatTableViewCell.m in Sources */,
				87D26AB71C3D0550002D4BB8 /* AppDelegate.m in Sources */,
				87D26AB41C3D0550002D4BB8 /* main.m in Sources */,
				87D26ACB1C3D05BE002D4BB8 /* VGTableViewController.m in Sources */,
			);
			runOnlyForDeploymentPostprocessing = 0;
		};
/* End PBXSourcesBuildPhase section */

/* Begin PBXVariantGroup section */
		87D26ABB1C3D0550002D4BB8 /* Main.storyboard */ = {
			isa = PBXVariantGroup;
			children = (
				87D26ABC1C3D0550002D4BB8 /* Base */,
			);
			name = Main.storyboard;
			sourceTree = "<group>";
		};
		87D26AC01C3D0550002D4BB8 /* LaunchScreen.storyboard */ = {
			isa = PBXVariantGroup;
			children = (
				87D26AC11C3D0550002D4BB8 /* Base */,
			);
			name = LaunchScreen.storyboard;
			sourceTree = "<group>";
		};
/* End PBXVariantGroup section */

/* Begin XCBuildConfiguration section */
		87D26AC41C3D0550002D4BB8 /* Debug */ = {
			isa = XCBuildConfiguration;
			buildSettings = {
				ALWAYS_SEARCH_USER_PATHS = NO;
				CLANG_CXX_LANGUAGE_STANDARD = "gnu++0x";
				CLANG_CXX_LIBRARY = "libc++";
				CLANG_ENABLE_MODULES = YES;
				CLANG_ENABLE_OBJC_ARC = YES;
				CLANG_WARN_BOOL_CONVERSION = YES;
				CLANG_WARN_CONSTANT_CONVERSION = YES;
				CLANG_WARN_DIRECT_OBJC_ISA_USAGE = YES_ERROR;
				CLANG_WARN_EMPTY_BODY = YES;
				CLANG_WARN_ENUM_CONVERSION = YES;
				CLANG_WARN_INT_CONVERSION = YES;
				CLANG_WARN_OBJC_ROOT_CLASS = YES_ERROR;
				CLANG_WARN_UNREACHABLE_CODE = YES;
				CLANG_WARN__DUPLICATE_METHOD_MATCH = YES;
				"CODE_SIGN_IDENTITY[sdk=iphoneos*]" = "iPhone Developer";
				COPY_PHASE_STRIP = NO;
				DEBUG_INFORMATION_FORMAT = dwarf;
				ENABLE_STRICT_OBJC_MSGSEND = YES;
				ENABLE_TESTABILITY = YES;
				GCC_C_LANGUAGE_STANDARD = gnu99;
				GCC_DYNAMIC_NO_PIC = NO;
				GCC_NO_COMMON_BLOCKS = YES;
				GCC_OPTIMIZATION_LEVEL = 0;
				GCC_PREPROCESSOR_DEFINITIONS = (
					"DEBUG=1",
					"$(inherited)",
				);
				GCC_WARN_64_TO_32_BIT_CONVERSION = YES;
				GCC_WARN_ABOUT_RETURN_TYPE = YES_ERROR;
				GCC_WARN_UNDECLARED_SELECTOR = YES;
				GCC_WARN_UNINITIALIZED_AUTOS = YES_AGGRESSIVE;
				GCC_WARN_UNUSED_FUNCTION = YES;
				GCC_WARN_UNUSED_VARIABLE = YES;
				IPHONEOS_DEPLOYMENT_TARGET = 9.2;
				MTL_ENABLE_DEBUG_INFO = YES;
				ONLY_ACTIVE_ARCH = YES;
				SDKROOT = iphoneos;
			};
			name = Debug;
		};
		87D26AC51C3D0550002D4BB8 /* Release */ = {
			isa = XCBuildConfiguration;
			buildSettings = {
				ALWAYS_SEARCH_USER_PATHS = NO;
				CLANG_CXX_LANGUAGE_STANDARD = "gnu++0x";
				CLANG_CXX_LIBRARY = "libc++";
				CLANG_ENABLE_MODULES = YES;
				CLANG_ENABLE_OBJC_ARC = YES;
				CLANG_WARN_BOOL_CONVERSION = YES;
				CLANG_WARN_CONSTANT_CONVERSION = YES;
				CLANG_WARN_DIRECT_OBJC_ISA_USAGE = YES_ERROR;
				CLANG_WARN_EMPTY_BODY = YES;
				CLANG_WARN_ENUM_CONVERSION = YES;
				CLANG_WARN_INT_CONVERSION = YES;
				CLANG_WARN_OBJC_ROOT_CLASS = YES_ERROR;
				CLANG_WARN_UNREACHABLE_CODE = YES;
				CLANG_WARN__DUPLICATE_METHOD_MATCH = YES;
				"CODE_SIGN_IDENTITY[sdk=iphoneos*]" = "iPhone Developer";
				COPY_PHASE_STRIP = NO;
				DEBUG_INFORMATION_FORMAT = "dwarf-with-dsym";
				ENABLE_NS_ASSERTIONS = NO;
				ENABLE_STRICT_OBJC_MSGSEND = YES;
				GCC_C_LANGUAGE_STANDARD = gnu99;
				GCC_NO_COMMON_BLOCKS = YES;
				GCC_WARN_64_TO_32_BIT_CONVERSION = YES;
				GCC_WARN_ABOUT_RETURN_TYPE = YES_ERROR;
				GCC_WARN_UNDECLARED_SELECTOR = YES;
				GCC_WARN_UNINITIALIZED_AUTOS = YES_AGGRESSIVE;
				GCC_WARN_UNUSED_FUNCTION = YES;
				GCC_WARN_UNUSED_VARIABLE = YES;
				IPHONEOS_DEPLOYMENT_TARGET = 9.2;
				MTL_ENABLE_DEBUG_INFO = NO;
				SDKROOT = iphoneos;
				VALIDATE_PRODUCT = YES;
			};
			name = Release;
		};
		87D26AC71C3D0550002D4BB8 /* Debug */ = {
			isa = XCBuildConfiguration;
			buildSettings = {
				ASSETCATALOG_COMPILER_APPICON_NAME = AppIcon;
				INFOPLIST_FILE = TableViewTest/Info.plist;
				LD_RUNPATH_SEARCH_PATHS = "$(inherited) @executable_path/Frameworks";
				PRODUCT_BUNDLE_IDENTIFIER = VG.TableViewTest;
				PRODUCT_NAME = "$(TARGET_NAME)";
			};
			name = Debug;
		};
		87D26AC81C3D0550002D4BB8 /* Release */ = {
			isa = XCBuildConfiguration;
			buildSettings = {
				ASSETCATALOG_COMPILER_APPICON_NAME = AppIcon;
				INFOPLIST_FILE = TableViewTest/Info.plist;
				LD_RUNPATH_SEARCH_PATHS = "$(inherited) @executable_path/Frameworks";
				PRODUCT_BUNDLE_IDENTIFIER = VG.TableViewTest;
				PRODUCT_NAME = "$(TARGET_NAME)";
			};
			name = Release;
		};
/* End XCBuildConfiguration section */

/* Begin XCConfigurationList section */
		87D26AAA1C3D0550002D4BB8 /* Build configuration list for PBXProject "TableViewTest" */ = {
			isa = XCConfigurationList;
			buildConfigurations = (
				87D26AC41C3D0550002D4BB8 /* Debug */,
				87D26AC51C3D0550002D4BB8 /* Release */,
			);
			defaultConfigurationIsVisible = 0;
			defaultConfigurationName = Release;
		};
		87D26AC61C3D0550002D4BB8 /* Build configuration list for PBXNativeTarget "TableViewTest" */ = {
			isa = XCConfigurationList;
			buildConfigurations = (
				87D26AC71C3D0550002D4BB8 /* Debug */,
				87D26AC81C3D0550002D4BB8 /* Release */,
			);
			defaultConfigurationIsVisible = 0;
			defaultConfigurationName = Release;
		};
/* End XCConfigurationList section */
	};
	rootObject = 87D26AA71C3D0550002D4BB8 /* Project object */;
}
